
Microsoft Visual Studio Solution File, Format Version 12.00
# Visual Studio Version 17
VisualStudioVersion = 17.0.31903.59
MinimumVisualStudioVersion = 10.0.40219.1
Project("{FAE04EC0-301F-11D3-BF4B-00C04F79EFBC}") = "InterviewTask", "InterviewTask\InterviewTask.csproj", "{04CC9D2E-FB3D-4AB8-8546-E3920B552BBA}"
EndProject
Project("{FAE04EC0-301F-11D3-BF4B-00C04F79EFBC}") = "InterviewTask.Data", "InterviewTask.Data\InterviewTask.Data.csproj", "{D2103CF8-57E4-414D-B28C-5B18A5645B59}"
EndProject
Project("{FAE04EC0-301F-11D3-BF4B-00C04F79EFBC}") = "InterviewTask.Domain", "InterviewTask.Domain\InterviewTask.Domain.csproj", "{1EE0F8A4-4773-4927-855C-568E65777FF6}"
EndProject
Global
	GlobalSection(SolutionConfigurationPlatforms) = preSolution
		Debug|Any CPU = Debug|Any CPU
		Release|Any CPU = Release|Any CPU
	EndGlobalSection
	GlobalSection(ProjectConfigurationPlatforms) = postSolution
		{04CC9D2E-FB3D-4AB8-8546-E3920B552BBA}.Debug|Any CPU.ActiveCfg = Debug|Any CPU
		{04CC9D2E-FB3D-4AB8-8546-E3920B552BBA}.Debug|Any CPU.Build.0 = Debug|Any CPU
		{04CC9D2E-FB3D-4AB8-8546-E3920B552BBA}.Release|Any CPU.ActiveCfg = Release|Any CPU
		{04CC9D2E-FB3D-4AB8-8546-E3920B552BBA}.Release|Any CPU.Build.0 = Release|Any CPU
		{D2103CF8-57E4-414D-B28C-5B18A5645B59}.Debug|Any CPU.ActiveCfg = Debug|Any CPU
		{D2103CF8-57E4-414D-B28C-5B18A5645B59}.Debug|Any CPU.Build.0 = Debug|Any CPU
		{D2103CF8-57E4-414D-B28C-5B18A5645B59}.Release|Any CPU.ActiveCfg = Release|Any CPU
		{D2103CF8-57E4-414D-B28C-5B18A5645B59}.Release|Any CPU.Build.0 = Release|Any CPU
		{1EE0F8A4-4773-4927-855C-568E65777FF6}.Debug|Any CPU.ActiveCfg = Debug|Any CPU
		{1EE0F8A4-4773-4927-855C-568E65777FF6}.Debug|Any CPU.Build.0 = Debug|Any CPU
		{1EE0F8A4-4773-4927-855C-568E65777FF6}.Release|Any CPU.ActiveCfg = Release|Any CPU
		{1EE0F8A4-4773-4927-855C-568E65777FF6}.Release|Any CPU.Build.0 = Release|Any CPU
	EndGlobalSection
	GlobalSection(SolutionProperties) = preSolution
		HideSolutionNode = FALSE
	EndGlobalSection
	GlobalSection(ExtensibilityGlobals) = postSolution
		SolutionGuid = {E8461600-22D8-48E4-B406-A1958B378A9B}
	EndGlobalSection
EndGlobal
